
Microsoft Visual Studio Solution File, Format Version 12.00
# Visual Studio Version 16
VisualStudioVersion = 16.0.31313.79
MinimumVisualStudioVersion = 10.0.40219.1
Project("{2150E333-8FDC-42A3-9474-1A3956D46DE8}") = "src", "src", "{7256C6AB-F37D-4EAE-88F2-CD0BDF221F9D}"
EndProject
Project("{9A19103F-16F7-4668-BE54-9A1E7A4F7556}") = "SSMLEditor", "SSMLEditor\SSMLEditor.csproj", "{1DA4822C-8916-46AA-AA8B-3457993DDF85}"
EndProject
Project("{9A19103F-16F7-4668-BE54-9A1E7A4F7556}") = "SSMLEditor.Tests", "SSMLEditor.Tests\SSMLEditor.Tests.csproj", "{F79F2A95-DFC6-40E8-97FA-E28E146A1E11}"
EndProject
Global
	GlobalSection(SolutionConfigurationPlatforms) = preSolution
		Debug|Any CPU = Debug|Any CPU
		Release|Any CPU = Release|Any CPU
	EndGlobalSection
	GlobalSection(ProjectConfigurationPlatforms) = postSolution
		{1DA4822C-8916-46AA-AA8B-3457993DDF85}.Debug|Any CPU.ActiveCfg = Debug|Any CPU
		{1DA4822C-8916-46AA-AA8B-3457993DDF85}.Debug|Any CPU.Build.0 = Debug|Any CPU
		{1DA4822C-8916-46AA-AA8B-3457993DDF85}.Release|Any CPU.ActiveCfg = Release|Any CPU
		{1DA4822C-8916-46AA-AA8B-3457993DDF85}.Release|Any CPU.Build.0 = Release|Any CPU
		{F79F2A95-DFC6-40E8-97FA-E28E146A1E11}.Debug|Any CPU.ActiveCfg = Debug|Any CPU
		{F79F2A95-DFC6-40E8-97FA-E28E146A1E11}.Debug|Any CPU.Build.0 = Debug|Any CPU
		{F79F2A95-DFC6-40E8-97FA-E28E146A1E11}.Release|Any CPU.ActiveCfg = Release|Any CPU
		{F79F2A95-DFC6-40E8-97FA-E28E146A1E11}.Release|Any CPU.Build.0 = Release|Any CPU
	EndGlobalSection
	GlobalSection(SolutionProperties) = preSolution
		HideSolutionNode = FALSE
	EndGlobalSection
	GlobalSection(NestedProjects) = preSolution
		{1DA4822C-8916-46AA-AA8B-3457993DDF85} = {7256C6AB-F37D-4EAE-88F2-CD0BDF221F9D}
		{F79F2A95-DFC6-40E8-97FA-E28E146A1E11} = {7256C6AB-F37D-4EAE-88F2-CD0BDF221F9D}
	EndGlobalSection
	GlobalSection(ExtensibilityGlobals) = postSolution
		SolutionGuid = {7A8CF92F-8DFF-490A-926B-1A161670A37C}
	EndGlobalSection
EndGlobal
